Microsoft Visual Studio Solution File, Format Version 11.00
# Visual Studio 2008

Project("{FE875954-E2F3-369D-3F3B-C40F2B6C8F4A}") = "Captain Platty Master", "Assembly-CSharp-firstpass.csproj", "{B3656453-9AB7-C5F7-210D-8BAEB0B11F6F}"
EndProject
Project("{FE875954-E2F3-369D-3F3B-C40F2B6C8F4A}") = "Captain Platty Master", "Assembly-CSharp.csproj", "{35B05CC2-1C88-68B8-C0E5-E1C6BF51260F}"
EndProject
Project("{FE875954-E2F3-369D-3F3B-C40F2B6C8F4A}") = "Captain Platty Master", "Assembly-CSharp-Editor.csproj", "{FE6A6F87-5998-7D6A-E150-6BD4AC12C67B}"
EndProject
Project("{FE875954-E2F3-369D-3F3B-C40F2B6C8F4A}") = "Captain Platty Master", "Assembly-UnityScript.unityproj", "{C3755FDC-2EF5-E573-F87D-B789F907BAEA}"
EndProject
Global
	GlobalSection(SolutionConfigurationPlatforms) = preSolution
		Debug|Any CPU = Debug|Any CPU
		Release|Any CPU = Release|Any CPU
	EndGlobalSection
	GlobalSection(ProjectConfigurationPlatforms) = postSolution
		{B3656453-9AB7-C5F7-210D-8BAEB0B11F6F}.Debug|Any CPU.ActiveCfg = Debug|Any CPU
		{B3656453-9AB7-C5F7-210D-8BAEB0B11F6F}.Debug|Any CPU.Build.0 = Debug|Any CPU
		{B3656453-9AB7-C5F7-210D-8BAEB0B11F6F}.Release|Any CPU.ActiveCfg = Release|Any CPU
		{B3656453-9AB7-C5F7-210D-8BAEB0B11F6F}.Release|Any CPU.Build.0 = Release|Any CPU
		{35B05CC2-1C88-68B8-C0E5-E1C6BF51260F}.Debug|Any CPU.ActiveCfg = Debug|Any CPU
		{35B05CC2-1C88-68B8-C0E5-E1C6BF51260F}.Debug|Any CPU.Build.0 = Debug|Any CPU
		{35B05CC2-1C88-68B8-C0E5-E1C6BF51260F}.Release|Any CPU.ActiveCfg = Release|Any CPU
		{35B05CC2-1C88-68B8-C0E5-E1C6BF51260F}.Release|Any CPU.Build.0 = Release|Any CPU
		{FE6A6F87-5998-7D6A-E150-6BD4AC12C67B}.Debug|Any CPU.ActiveCfg = Debug|Any CPU
		{FE6A6F87-5998-7D6A-E150-6BD4AC12C67B}.Debug|Any CPU.Build.0 = Debug|Any CPU
		{FE6A6F87-5998-7D6A-E150-6BD4AC12C67B}.Release|Any CPU.ActiveCfg = Release|Any CPU
		{FE6A6F87-5998-7D6A-E150-6BD4AC12C67B}.Release|Any CPU.Build.0 = Release|Any CPU
		{C3755FDC-2EF5-E573-F87D-B789F907BAEA}.Debug|Any CPU.ActiveCfg = Debug|Any CPU
		{C3755FDC-2EF5-E573-F87D-B789F907BAEA}.Debug|Any CPU.Build.0 = Debug|Any CPU
		{C3755FDC-2EF5-E573-F87D-B789F907BAEA}.Release|Any CPU.ActiveCfg = Release|Any CPU
		{C3755FDC-2EF5-E573-F87D-B789F907BAEA}.Release|Any CPU.Build.0 = Release|Any CPU
	EndGlobalSection
	GlobalSection(SolutionProperties) = preSolution
		HideSolutionNode = FALSE
	EndGlobalSection
	GlobalSection(MonoDevelopProperties) = preSolution
		StartupItem = Assembly-CSharp.csproj
	EndGlobalSection
EndGlobal
