
Microsoft Visual Studio Solution File, Format Version 12.00
# Visual Studio 2015
Project("{FAE04EC0-301F-11D3-BF4B-00C04F79EFBC}") = "Captain Platty Master.CSharp.Plugins", "Captain Platty Master.CSharp.Plugins.csproj", "{39925913-49F3-BE00-D161-BAC3DAA298C4}"
EndProject
Project("{FAE04EC0-301F-11D3-BF4B-00C04F79EFBC}") = "Captain Platty Master.CSharp", "Captain Platty Master.CSharp.csproj", "{DF834169-FE8B-577A-A92F-7E4013CEAE2E}"
EndProject
Project("{FAE04EC0-301F-11D3-BF4B-00C04F79EFBC}") = "Captain Platty Master.CSharp.Editor", "Captain Platty Master.CSharp.Editor.csproj", "{66D55716-A7FF-740F-E651-0972A5916FF4}"
EndProject
Global
	GlobalSection(SolutionConfigurationPlatforms) = preSolution
		Debug|Any CPU = Debug|Any CPU
		Release|Any CPU = Release|Any CPU
	EndGlobalSection
	GlobalSection(ProjectConfigurationPlatforms) = postSolution
		{39925913-49F3-BE00-D161-BAC3DAA298C4}.Debug|Any CPU.ActiveCfg = Debug|Any CPU
		{39925913-49F3-BE00-D161-BAC3DAA298C4}.Debug|Any CPU.Build.0 = Debug|Any CPU
		{39925913-49F3-BE00-D161-BAC3DAA298C4}.Release|Any CPU.ActiveCfg = Release|Any CPU
		{39925913-49F3-BE00-D161-BAC3DAA298C4}.Release|Any CPU.Build.0 = Release|Any CPU
		{DF834169-FE8B-577A-A92F-7E4013CEAE2E}.Debug|Any CPU.ActiveCfg = Debug|Any CPU
		{DF834169-FE8B-577A-A92F-7E4013CEAE2E}.Debug|Any CPU.Build.0 = Debug|Any CPU
		{DF834169-FE8B-577A-A92F-7E4013CEAE2E}.Release|Any CPU.ActiveCfg = Release|Any CPU
		{DF834169-FE8B-577A-A92F-7E4013CEAE2E}.Release|Any CPU.Build.0 = Release|Any CPU
		{66D55716-A7FF-740F-E651-0972A5916FF4}.Debug|Any CPU.ActiveCfg = Debug|Any CPU
		{66D55716-A7FF-740F-E651-0972A5916FF4}.Debug|Any CPU.Build.0 = Debug|Any CPU
		{66D55716-A7FF-740F-E651-0972A5916FF4}.Release|Any CPU.ActiveCfg = Release|Any CPU
		{66D55716-A7FF-740F-E651-0972A5916FF4}.Release|Any CPU.Build.0 = Release|Any CPU
	EndGlobalSection
	GlobalSection(SolutionProperties) = preSolution
		HideSolutionNode = FALSE
	EndGlobalSection
EndGlobal
